
Microsoft Visual Studio Solution File, Format Version 12.00
# Visual Studio Version 17
VisualStudioVersion = 17.3.32929.385
MinimumVisualStudioVersion = 10.0.40219.1
Project("{FAE04EC0-301F-11D3-BF4B-00C04F79EFBC}") = "CRUD-MongoDB", "CRUD-MongoDB\CRUD-MongoDB.csproj", "{EB989F8E-2B0E-4F82-A4A1-289A1E99B406}"
EndProject
Global
	GlobalSection(SolutionConfigurationPlatforms) = preSolution
		Debug|Any CPU = Debug|Any CPU
		Release|Any CPU = Release|Any CPU
	EndGlobalSection
	GlobalSection(ProjectConfigurationPlatforms) = postSolution
		{EB989F8E-2B0E-4F82-A4A1-289A1E99B406}.Debug|Any CPU.ActiveCfg = Debug|Any CPU
		{EB989F8E-2B0E-4F82-A4A1-289A1E99B406}.Debug|Any CPU.Build.0 = Debug|Any CPU
		{EB989F8E-2B0E-4F82-A4A1-289A1E99B406}.Release|Any CPU.ActiveCfg = Release|Any CPU
		{EB989F8E-2B0E-4F82-A4A1-289A1E99B406}.Release|Any CPU.Build.0 = Release|Any CPU
	EndGlobalSection
	GlobalSection(SolutionProperties) = preSolution
		HideSolutionNode = FALSE
	EndGlobalSection
	GlobalSection(ExtensibilityGlobals) = postSolution
		SolutionGuid = {2262C922-39F0-43E3-B7CA-9D3BD8EB9594}
	EndGlobalSection
EndGlobal
